// !$*UTF8*$!
{
	archiveVersion = 1;
	classes = {
	};
	objectVersion = 56;
	objects = {

/* Begin PBXBuildFile section */
		CE083E2E2ADAAEC00042A761 /* DogCell.swift in Sources */ = {isa = PBXBuildFile; fileRef = CE083E2D2ADAAEC00042A761 /* DogCell.swift */; };
		CE4683132ADD2AFB005781F8 /* Equatables.swift in Sources */ = {isa = PBXBuildFile; fileRef = CE4683122ADD2AFB005781F8 /* Equatables.swift */; };
		CE4CFB882ADD0C9D0060ABBF /* Array+Extension.swift in Sources */ = {isa = PBXBuildFile; fileRef = CE4CFB872ADD0C9D0060ABBF /* Array+Extension.swift */; };
		CE4CFB8A2ADD10710060ABBF /* NetworkClientTests.swift in Sources */ = {isa = PBXBuildFile; fileRef = CE4CFB892ADD10710060ABBF /* NetworkClientTests.swift */; };
		CE4CFB8C2ADD10910060ABBF /* MockNetworkSession.swift in Sources */ = {isa = PBXBuildFile; fileRef = CE4CFB8B2ADD10910060ABBF /* MockNetworkSession.swift */; };
		CE4CFB8E2ADD110A0060ABBF /* MockGenerator.swift in Sources */ = {isa = PBXBuildFile; fileRef = CE4CFB8D2ADD110A0060ABBF /* MockGenerator.swift */; };
		CE4CFB902ADD11680060ABBF /* FavoriteOperationsProtocol.swift in Sources */ = {isa = PBXBuildFile; fileRef = CE4CFB8F2ADD11680060ABBF /* FavoriteOperationsProtocol.swift */; };
		CE561B842ADAD26100F2A697 /* ImageCacheManager.swift in Sources */ = {isa = PBXBuildFile; fileRef = CE561B832ADAD26100F2A697 /* ImageCacheManager.swift */; };
		CE78CC892ADB287B00F2859C /* CoreDataManager.swift in Sources */ = {isa = PBXBuildFile; fileRef = CE78CC882ADB287B00F2859C /* CoreDataManager.swift */; };
		CE78CC8C2ADB28A300F2859C /* Extension+NSManagedObjectContext.swift in Sources */ = {isa = PBXBuildFile; fileRef = CE78CC8B2ADB28A300F2859C /* Extension+NSManagedObjectContext.swift */; };
		CE78CC8E2ADB28C500F2859C /* CoreDataStack.swift in Sources */ = {isa = PBXBuildFile; fileRef = CE78CC8D2ADB28C500F2859C /* CoreDataStack.swift */; };
		CE78CC912ADB29FF00F2859C /* BreedModel.xcdatamodeld in Sources */ = {isa = PBXBuildFile; fileRef = CE78CC8F2ADB29FF00F2859C /* BreedModel.xcdatamodeld */; };
		CE78CC942ADB2DC700F2859C /* BreedImage+Extension.swift in Sources */ = {isa = PBXBuildFile; fileRef = CE78CC932ADB2DC700F2859C /* BreedImage+Extension.swift */; };
		CE78CC962ADB2DED00F2859C /* FavoriteEntity+Extension.swift in Sources */ = {isa = PBXBuildFile; fileRef = CE78CC952ADB2DED00F2859C /* FavoriteEntity+Extension.swift */; };
		CEA09DB12AD9E9BC0056C9F6 /* AppDelegate.swift in Sources */ = {isa = PBXBuildFile; fileRef = CEA09DB02AD9E9BC0056C9F6 /* AppDelegate.swift */; };
		CEA09DB32AD9E9BC0056C9F6 /* SceneDelegate.swift in Sources */ = {isa = PBXBuildFile; fileRef = CEA09DB22AD9E9BC0056C9F6 /* SceneDelegate.swift */; };
		CEA09DBD2AD9E9BD0056C9F6 /* Assets.xcassets in Resources */ = {isa = PBXBuildFile; fileRef = CEA09DBC2AD9E9BD0056C9F6 /* Assets.xcassets */; };
		CEA09DC02AD9E9BD0056C9F6 /* LaunchScreen.storyboard in Resources */ = {isa = PBXBuildFile; fileRef = CEA09DBE2AD9E9BD0056C9F6 /* LaunchScreen.storyboard */; };
		CEA09DE52AD9EB8D0056C9F6 /* NetworkClient.swift in Sources */ = {isa = PBXBuildFile; fileRef = CEA09DE42AD9EB8D0056C9F6 /* NetworkClient.swift */; };
		CEA09DE72AD9EBEC0056C9F6 /* NetworkSession.swift in Sources */ = {isa = PBXBuildFile; fileRef = CEA09DE62AD9EBEC0056C9F6 /* NetworkSession.swift */; };
		CEA09DE92AD9F0370056C9F6 /* NetworkTarget.swift in Sources */ = {isa = PBXBuildFile; fileRef = CEA09DE82AD9F0370056C9F6 /* NetworkTarget.swift */; };
		CEA09DEB2AD9F0B80056C9F6 /* BreedRouter.swift in Sources */ = {isa = PBXBuildFile; fileRef = CEA09DEA2AD9F0B80056C9F6 /* BreedRouter.swift */; };
		CEA09DEE2AD9F4320056C9F6 /* ApiBreedsList.swift in Sources */ = {isa = PBXBuildFile; fileRef = CEA09DED2AD9F4320056C9F6 /* ApiBreedsList.swift */; };
		CEA09DF02ADA7BC60056C9F6 /* ApiBreedImages.swift in Sources */ = {isa = PBXBuildFile; fileRef = CEA09DEF2ADA7BC60056C9F6 /* ApiBreedImages.swift */; };
		CEA09DF42ADA7EE80056C9F6 /* AvailableBreed.swift in Sources */ = {isa = PBXBuildFile; fileRef = CEA09DF32ADA7EE80056C9F6 /* AvailableBreed.swift */; };
		CEA09DFE2ADA876F0056C9F6 /* HomeViewController.swift in Sources */ = {isa = PBXBuildFile; fileRef = CEA09DFD2ADA876F0056C9F6 /* HomeViewController.swift */; };
		CEA09E002ADA87770056C9F6 /* HomeViewModel.swift in Sources */ = {isa = PBXBuildFile; fileRef = CEA09DFF2ADA87770056C9F6 /* HomeViewModel.swift */; };
		CEA09E032ADA8E8A0056C9F6 /* BaseViewController.swift in Sources */ = {isa = PBXBuildFile; fileRef = CEA09E022ADA8E8A0056C9F6 /* BaseViewController.swift */; };
		CEA09E052ADA8E900056C9F6 /* BaseViewModel.swift in Sources */ = {isa = PBXBuildFile; fileRef = CEA09E042ADA8E900056C9F6 /* BaseViewModel.swift */; };
		CEA09E072ADA999F0056C9F6 /* DetailsViewController.swift in Sources */ = {isa = PBXBuildFile; fileRef = CEA09E062ADA999F0056C9F6 /* DetailsViewController.swift */; };
		CEA09E092ADA99A80056C9F6 /* DetailsViewModel.swift in Sources */ = {isa = PBXBuildFile; fileRef = CEA09E082ADA99A80056C9F6 /* DetailsViewModel.swift */; };
		CEA09E0B2ADAA9FD0056C9F6 /* BreedImage.swift in Sources */ = {isa = PBXBuildFile; fileRef = CEA09E0A2ADAA9FD0056C9F6 /* BreedImage.swift */; };
		CEA09E0D2ADAABBD0056C9F6 /* FavoriteViewController.swift in Sources */ = {isa = PBXBuildFile; fileRef = CEA09E0C2ADAABBD0056C9F6 /* FavoriteViewController.swift */; };
		CEA09E0F2ADAABC40056C9F6 /* FavoriteViewModel.swift in Sources */ = {isa = PBXBuildFile; fileRef = CEA09E0E2ADAABC40056C9F6 /* FavoriteViewModel.swift */; };
/* End PBXBuildFile section */

/* Begin PBXContainerItemProxy section */
		CEA09DC72AD9E9BD0056C9F6 /* PBXContainerItemProxy */ = {
			isa = PBXContainerItemProxy;
			containerPortal = CEA09DA52AD9E9BC0056C9F6 /* Project object */;
			proxyType = 1;
			remoteGlobalIDString = CEA09DAC2AD9E9BC0056C9F6;
			remoteInfo = dogtime;
		};
/* End PBXContainerItemProxy section */

/* Begin PBXFileReference section */
		CE083E2D2ADAAEC00042A761 /* DogCell.swift */ = {isa = PBXFileReference; lastKnownFileType = sourcecode.swift; path = DogCell.swift; sourceTree = "<group>"; };
		CE4683122ADD2AFB005781F8 /* Equatables.swift */ = {isa = PBXFileReference; lastKnownFileType = sourcecode.swift; path = Equatables.swift; sourceTree = "<group>"; };
		CE4CFB872ADD0C9D0060ABBF /* Array+Extension.swift */ = {isa = PBXFileReference; lastKnownFileType = sourcecode.swift; path = "Array+Extension.swift"; sourceTree = "<group>"; };
		CE4CFB892ADD10710060ABBF /* NetworkClientTests.swift */ = {isa = PBXFileReference; lastKnownFileType = sourcecode.swift; path = NetworkClientTests.swift; sourceTree = "<group>"; };
		CE4CFB8B2ADD10910060ABBF /* MockNetworkSession.swift */ = {isa = PBXFileReference; lastKnownFileType = sourcecode.swift; path = MockNetworkSession.swift; sourceTree = "<group>"; };
		CE4CFB8D2ADD110A0060ABBF /* MockGenerator.swift */ = {isa = PBXFileReference; lastKnownFileType = sourcecode.swift; path = MockGenerator.swift; sourceTree = "<group>"; };
		CE4CFB8F2ADD11680060ABBF /* FavoriteOperationsProtocol.swift */ = {isa = PBXFileReference; lastKnownFileType = sourcecode.swift; path = FavoriteOperationsProtocol.swift; sourceTree = "<group>"; };
		CE561B832ADAD26100F2A697 /* ImageCacheManager.swift */ = {isa = PBXFileReference; lastKnownFileType = sourcecode.swift; path = ImageCacheManager.swift; sourceTree = "<group>"; };
		CE78CC882ADB287B00F2859C /* CoreDataManager.swift */ = {isa = PBXFileReference; lastKnownFileType = sourcecode.swift; path = CoreDataManager.swift; sourceTree = "<group>"; };
		CE78CC8B2ADB28A300F2859C /* Extension+NSManagedObjectContext.swift */ = {isa = PBXFileReference; lastKnownFileType = sourcecode.swift; path = "Extension+NSManagedObjectContext.swift"; sourceTree = "<group>"; };
		CE78CC8D2ADB28C500F2859C /* CoreDataStack.swift */ = {isa = PBXFileReference; lastKnownFileType = sourcecode.swift; path = CoreDataStack.swift; sourceTree = "<group>"; };
		CE78CC902ADB29FF00F2859C /* BreedModel.xcdatamodel */ = {isa = PBXFileReference; lastKnownFileType = wrapper.xcdatamodel; path = BreedModel.xcdatamodel; sourceTree = "<group>"; };
		CE78CC932ADB2DC700F2859C /* BreedImage+Extension.swift */ = {isa = PBXFileReference; lastKnownFileType = sourcecode.swift; path = "BreedImage+Extension.swift"; sourceTree = "<group>"; };
		CE78CC952ADB2DED00F2859C /* FavoriteEntity+Extension.swift */ = {isa = PBXFileReference; lastKnownFileType = sourcecode.swift; path = "FavoriteEntity+Extension.swift"; sourceTree = "<group>"; };
		CEA09DAD2AD9E9BC0056C9F6 /* dogtime.app */ = {isa = PBXFileReference; explicitFileType = wrapper.application; includeInIndex = 0; path = dogtime.app; sourceTree = BUILT_PRODUCTS_DIR; };
		CEA09DB02AD9E9BC0056C9F6 /* AppDelegate.swift */ = {isa = PBXFileReference; lastKnownFileType = sourcecode.swift; path = AppDelegate.swift; sourceTree = "<group>"; };
		CEA09DB22AD9E9BC0056C9F6 /* SceneDelegate.swift */ = {isa = PBXFileReference; lastKnownFileType = sourcecode.swift; path = SceneDelegate.swift; sourceTree = "<group>"; };
		CEA09DBC2AD9E9BD0056C9F6 /* Assets.xcassets */ = {isa = PBXFileReference; lastKnownFileType = folder.assetcatalog; path = Assets.xcassets; sourceTree = "<group>"; };
		CEA09DBF2AD9E9BD0056C9F6 /* Base */ = {isa = PBXFileReference; lastKnownFileType = file.storyboard; name = Base; path = Base.lproj/LaunchScreen.storyboard; sourceTree = "<group>"; };
		CEA09DC12AD9E9BD0056C9F6 /* Info.plist */ = {isa = PBXFileReference; lastKnownFileType = text.plist.xml; path = Info.plist; sourceTree = "<group>"; };
		CEA09DC62AD9E9BD0056C9F6 /* dogtimeTests.xctest */ = {isa = PBXFileReference; explicitFileType = wrapper.cfbundle; includeInIndex = 0; path = dogtimeTests.xctest; sourceTree = BUILT_PRODUCTS_DIR; };
		CEA09DE42AD9EB8D0056C9F6 /* NetworkClient.swift */ = {isa = PBXFileReference; lastKnownFileType = sourcecode.swift; path = NetworkClient.swift; sourceTree = "<group>"; };
		CEA09DE62AD9EBEC0056C9F6 /* NetworkSession.swift */ = {isa = PBXFileReference; lastKnownFileType = sourcecode.swift; path = NetworkSession.swift; sourceTree = "<group>"; };
		CEA09DE82AD9F0370056C9F6 /* NetworkTarget.swift */ = {isa = PBXFileReference; lastKnownFileType = sourcecode.swift; path = NetworkTarget.swift; sourceTree = "<group>"; };
		CEA09DEA2AD9F0B80056C9F6 /* BreedRouter.swift */ = {isa = PBXFileReference; lastKnownFileType = sourcecode.swift; path = BreedRouter.swift; sourceTree = "<group>"; };
		CEA09DED2AD9F4320056C9F6 /* ApiBreedsList.swift */ = {isa = PBXFileReference; lastKnownFileType = sourcecode.swift; path = ApiBreedsList.swift; sourceTree = "<group>"; };
		CEA09DEF2ADA7BC60056C9F6 /* ApiBreedImages.swift */ = {isa = PBXFileReference; lastKnownFileType = sourcecode.swift; path = ApiBreedImages.swift; sourceTree = "<group>"; };
		CEA09DF32ADA7EE80056C9F6 /* AvailableBreed.swift */ = {isa = PBXFileReference; lastKnownFileType = sourcecode.swift; path = AvailableBreed.swift; sourceTree = "<group>"; };
		CEA09DFD2ADA876F0056C9F6 /* HomeViewController.swift */ = {isa = PBXFileReference; lastKnownFileType = sourcecode.swift; path = HomeViewController.swift; sourceTree = "<group>"; };
		CEA09DFF2ADA87770056C9F6 /* HomeViewModel.swift */ = {isa = PBXFileReference; lastKnownFileType = sourcecode.swift; path = HomeViewModel.swift; sourceTree = "<group>"; };
		CEA09E022ADA8E8A0056C9F6 /* BaseViewController.swift */ = {isa = PBXFileReference; lastKnownFileType = sourcecode.swift; path = BaseViewController.swift; sourceTree = "<group>"; };
		CEA09E042ADA8E900056C9F6 /* BaseViewModel.swift */ = {isa = PBXFileReference; lastKnownFileType = sourcecode.swift; path = BaseViewModel.swift; sourceTree = "<group>"; };
		CEA09E062ADA999F0056C9F6 /* DetailsViewController.swift */ = {isa = PBXFileReference; lastKnownFileType = sourcecode.swift; path = DetailsViewController.swift; sourceTree = "<group>"; };
		CEA09E082ADA99A80056C9F6 /* DetailsViewModel.swift */ = {isa = PBXFileReference; lastKnownFileType = sourcecode.swift; path = DetailsViewModel.swift; sourceTree = "<group>"; };
		CEA09E0A2ADAA9FD0056C9F6 /* BreedImage.swift */ = {isa = PBXFileReference; lastKnownFileType = sourcecode.swift; path = BreedImage.swift; sourceTree = "<group>"; };
		CEA09E0C2ADAABBD0056C9F6 /* FavoriteViewController.swift */ = {isa = PBXFileReference; lastKnownFileType = sourcecode.swift; path = FavoriteViewController.swift; sourceTree = "<group>"; };
		CEA09E0E2ADAABC40056C9F6 /* FavoriteViewModel.swift */ = {isa = PBXFileReference; lastKnownFileType = sourcecode.swift; path = FavoriteViewModel.swift; sourceTree = "<group>"; };
/* End PBXFileReference section */

/* Begin PBXFrameworksBuildPhase section */
		CEA09DAA2AD9E9BC0056C9F6 /* Frameworks */ = {
			isa = PBXFrameworksBuildPhase;
			buildActionMask = 2147483647;
			files = (
			);
			runOnlyForDeploymentPostprocessing = 0;
		};
		CEA09DC32AD9E9BD0056C9F6 /* Frameworks */ = {
			isa = PBXFrameworksBuildPhase;
			buildActionMask = 2147483647;
			files = (
			);
			runOnlyForDeploymentPostprocessing = 0;
		};
/* End PBXFrameworksBuildPhase section */

/* Begin PBXGroup section */
		CE083E2C2ADAAE860042A761 /* Views */ = {
			isa = PBXGroup;
			children = (
				CE083E2D2ADAAEC00042A761 /* DogCell.swift */,
			);
			path = Views;
			sourceTree = "<group>";
		};
		CE4CFB862ADD0C880060ABBF /* Extensions */ = {
			isa = PBXGroup;
			children = (
				CE4CFB872ADD0C9D0060ABBF /* Array+Extension.swift */,
			);
			path = Extensions;
			sourceTree = "<group>";
		};
		CE78CC872ADB27B500F2859C /* CoreData */ = {
			isa = PBXGroup;
			children = (
				CE78CC922ADB2D9B00F2859C /* Conversions */,
				CE78CC882ADB287B00F2859C /* CoreDataManager.swift */,
				CE4CFB8F2ADD11680060ABBF /* FavoriteOperationsProtocol.swift */,
				CE78CC8D2ADB28C500F2859C /* CoreDataStack.swift */,
				CE78CC8B2ADB28A300F2859C /* Extension+NSManagedObjectContext.swift */,
				CE78CC8F2ADB29FF00F2859C /* BreedModel.xcdatamodeld */,
			);
			path = CoreData;
			sourceTree = "<group>";
		};
		CE78CC922ADB2D9B00F2859C /* Conversions */ = {
			isa = PBXGroup;
			children = (
				CE78CC932ADB2DC700F2859C /* BreedImage+Extension.swift */,
				CE78CC952ADB2DED00F2859C /* FavoriteEntity+Extension.swift */,
			);
			path = Conversions;
			sourceTree = "<group>";
		};
		CEA09DA42AD9E9BC0056C9F6 = {
			isa = PBXGroup;
			children = (
				CEA09DAF2AD9E9BC0056C9F6 /* dogtime */,
				CEA09DC92AD9E9BD0056C9F6 /* dogtimeTests */,
				CEA09DAE2AD9E9BC0056C9F6 /* Products */,
			);
			sourceTree = "<group>";
		};
		CEA09DAE2AD9E9BC0056C9F6 /* Products */ = {
			isa = PBXGroup;
			children = (
				CEA09DAD2AD9E9BC0056C9F6 /* dogtime.app */,
				CEA09DC62AD9E9BD0056C9F6 /* dogtimeTests.xctest */,
			);
			name = Products;
			sourceTree = "<group>";
		};
		CEA09DAF2AD9E9BC0056C9F6 /* dogtime */ = {
			isa = PBXGroup;
			children = (
				CEA09DB02AD9E9BC0056C9F6 /* AppDelegate.swift */,
				CEA09DB22AD9E9BC0056C9F6 /* SceneDelegate.swift */,
				CEA09DBC2AD9E9BD0056C9F6 /* Assets.xcassets */,
				CEA09E012ADA8E7C0056C9F6 /* Core */,
				CE78CC872ADB27B500F2859C /* CoreData */,
				CE4CFB862ADD0C880060ABBF /* Extensions */,
				CEA09DEC2AD9F3760056C9F6 /* Models */,
				CEA09DF92ADA86D50056C9F6 /* Modules */,
				CEA09DE32AD9EB730056C9F6 /* Networking */,
				CE083E2C2ADAAE860042A761 /* Views */,
				CEA09DC12AD9E9BD0056C9F6 /* Info.plist */,
				CEA09DBE2AD9E9BD0056C9F6 /* LaunchScreen.storyboard */,
			);
			path = dogtime;
			sourceTree = "<group>";
		};
		CEA09DC92AD9E9BD0056C9F6 /* dogtimeTests */ = {
			isa = PBXGroup;
			children = (
				CE4CFB892ADD10710060ABBF /* NetworkClientTests.swift */,
				CE4CFB8B2ADD10910060ABBF /* MockNetworkSession.swift */,
				CE4CFB8D2ADD110A0060ABBF /* MockGenerator.swift */,
				CE4683122ADD2AFB005781F8 /* Equatables.swift */,
			);
			path = dogtimeTests;
			sourceTree = "<group>";
		};
		CEA09DE32AD9EB730056C9F6 /* Networking */ = {
			isa = PBXGroup;
			children = (
				CEA09DE42AD9EB8D0056C9F6 /* NetworkClient.swift */,
				CEA09DE62AD9EBEC0056C9F6 /* NetworkSession.swift */,
				CEA09DE82AD9F0370056C9F6 /* NetworkTarget.swift */,
				CEA09DEA2AD9F0B80056C9F6 /* BreedRouter.swift */,
			);
			path = Networking;
			sourceTree = "<group>";
		};
		CEA09DEC2AD9F3760056C9F6 /* Models */ = {
			isa = PBXGroup;
			children = (
				CEA09DF12ADA7BFE0056C9F6 /* Api */,
				CEA09DF22ADA7C090056C9F6 /* Domain */,
			);
			path = Models;
			sourceTree = "<group>";
		};
		CEA09DF12ADA7BFE0056C9F6 /* Api */ = {
			isa = PBXGroup;
			children = (
				CEA09DED2AD9F4320056C9F6 /* ApiBreedsList.swift */,
				CEA09DEF2ADA7BC60056C9F6 /* ApiBreedImages.swift */,
			);
			path = Api;
			sourceTree = "<group>";
		};
		CEA09DF22ADA7C090056C9F6 /* Domain */ = {
			isa = PBXGroup;
			children = (
				CEA09DF32ADA7EE80056C9F6 /* AvailableBreed.swift */,
				CEA09E0A2ADAA9FD0056C9F6 /* BreedImage.swift */,
			);
			path = Domain;
			sourceTree = "<group>";
		};
		CEA09DF92ADA86D50056C9F6 /* Modules */ = {
			isa = PBXGroup;
			children = (
				CEA09DFB2ADA87240056C9F6 /* Details */,
				CEA09DFC2ADA875B0056C9F6 /* Favorites */,
				CEA09DFA2ADA86F50056C9F6 /* Home */,
			);
			path = Modules;
			sourceTree = "<group>";
		};
		CEA09DFA2ADA86F50056C9F6 /* Home */ = {
			isa = PBXGroup;
			children = (
				CEA09DFD2ADA876F0056C9F6 /* HomeViewController.swift */,
				CEA09DFF2ADA87770056C9F6 /* HomeViewModel.swift */,
			);
			path = Home;
			sourceTree = "<group>";
		};
		CEA09DFB2ADA87240056C9F6 /* Details */ = {
			isa = PBXGroup;
			children = (
				CEA09E062ADA999F0056C9F6 /* DetailsViewController.swift */,
				CEA09E082ADA99A80056C9F6 /* DetailsViewModel.swift */,
			);
			path = Details;
			sourceTree = "<group>";
		};
		CEA09DFC2ADA875B0056C9F6 /* Favorites */ = {
			isa = PBXGroup;
			children = (
				CEA09E0C2ADAABBD0056C9F6 /* FavoriteViewController.swift */,
				CEA09E0E2ADAABC40056C9F6 /* FavoriteViewModel.swift */,
			);
			name = Favorites;
			sourceTree = "<group>";
		};
		CEA09E012ADA8E7C0056C9F6 /* Core */ = {
			isa = PBXGroup;
			children = (
				CEA09E022ADA8E8A0056C9F6 /* BaseViewController.swift */,
				CEA09E042ADA8E900056C9F6 /* BaseViewModel.swift */,
				CE561B832ADAD26100F2A697 /* ImageCacheManager.swift */,
			);
			path = Core;
			sourceTree = "<group>";
		};
/* End PBXGroup section */

/* Begin PBXNativeTarget section */
		CEA09DAC2AD9E9BC0056C9F6 /* dogtime */ = {
			isa = PBXNativeTarget;
			buildConfigurationList = CEA09DDA2AD9E9BD0056C9F6 /* Build configuration list for PBXNativeTarget "dogtime" */;
			buildPhases = (
				CEA09DA92AD9E9BC0056C9F6 /* Sources */,
				CEA09DAA2AD9E9BC0056C9F6 /* Frameworks */,
				CEA09DAB2AD9E9BC0056C9F6 /* Resources */,
			);
			buildRules = (
			);
			dependencies = (
			);
			name = dogtime;
			productName = dogtime;
			productReference = CEA09DAD2AD9E9BC0056C9F6 /* dogtime.app */;
			productType = "com.apple.product-type.application";
		};
		CEA09DC52AD9E9BD0056C9F6 /* dogtimeTests */ = {
			isa = PBXNativeTarget;
			buildConfigurationList = CEA09DDD2AD9E9BD0056C9F6 /* Build configuration list for PBXNativeTarget "dogtimeTests" */;
			buildPhases = (
				CEA09DC22AD9E9BD0056C9F6 /* Sources */,
				CEA09DC32AD9E9BD0056C9F6 /* Frameworks */,
				CEA09DC42AD9E9BD0056C9F6 /* Resources */,
			);
			buildRules = (
			);
			dependencies = (
				CEA09DC82AD9E9BD0056C9F6 /* PBXTargetDependency */,
			);
			name = dogtimeTests;
			productName = dogtimeTests;
			productReference = CEA09DC62AD9E9BD0056C9F6 /* dogtimeTests.xctest */;
			productType = "com.apple.product-type.bundle.unit-test";
		};
/* End PBXNativeTarget section */

/* Begin PBXProject section */
		CEA09DA52AD9E9BC0056C9F6 /* Project object */ = {
			isa = PBXProject;
			attributes = {
				BuildIndependentTargetsInParallel = 1;
				LastSwiftUpdateCheck = 1500;
				LastUpgradeCheck = 1500;
				TargetAttributes = {
					CEA09DAC2AD9E9BC0056C9F6 = {
						CreatedOnToolsVersion = 15.0;
					};
					CEA09DC52AD9E9BD0056C9F6 = {
						CreatedOnToolsVersion = 15.0;
						TestTargetID = CEA09DAC2AD9E9BC0056C9F6;
					};
				};
			};
			buildConfigurationList = CEA09DA82AD9E9BC0056C9F6 /* Build configuration list for PBXProject "dogtime" */;
			compatibilityVersion = "Xcode 14.0";
			developmentRegion = en;
			hasScannedForEncodings = 0;
			knownRegions = (
				en,
				Base,
			);
			mainGroup = CEA09DA42AD9E9BC0056C9F6;
			productRefGroup = CEA09DAE2AD9E9BC0056C9F6 /* Products */;
			projectDirPath = "";
			projectRoot = "";
			targets = (
				CEA09DAC2AD9E9BC0056C9F6 /* dogtime */,
				CEA09DC52AD9E9BD0056C9F6 /* dogtimeTests */,
			);
		};
/* End PBXProject section */

/* Begin PBXResourcesBuildPhase section */
		CEA09DAB2AD9E9BC0056C9F6 /* Resources */ = {
			isa = PBXResourcesBuildPhase;
			buildActionMask = 2147483647;
			files = (
				CEA09DC02AD9E9BD0056C9F6 /* LaunchScreen.storyboard in Resources */,
				CEA09DBD2AD9E9BD0056C9F6 /* Assets.xcassets in Resources */,
			);
			runOnlyForDeploymentPostprocessing = 0;
		};
		CEA09DC42AD9E9BD0056C9F6 /* Resources */ = {
			isa = PBXResourcesBuildPhase;
			buildActionMask = 2147483647;
			files = (
			);
			runOnlyForDeploymentPostprocessing = 0;
		};
/* End PBXResourcesBuildPhase section */

/* Begin PBXSourcesBuildPhase section */
		CEA09DA92AD9E9BC0056C9F6 /* Sources */ = {
			isa = PBXSourcesBuildPhase;
			buildActionMask = 2147483647;
			files = (
				CEA09E0B2ADAA9FD0056C9F6 /* BreedImage.swift in Sources */,
				CEA09DE52AD9EB8D0056C9F6 /* NetworkClient.swift in Sources */,
				CE78CC912ADB29FF00F2859C /* BreedModel.xcdatamodeld in Sources */,
				CEA09DE92AD9F0370056C9F6 /* NetworkTarget.swift in Sources */,
				CEA09E0D2ADAABBD0056C9F6 /* FavoriteViewController.swift in Sources */,
				CEA09DE72AD9EBEC0056C9F6 /* NetworkSession.swift in Sources */,
				CE78CC942ADB2DC700F2859C /* BreedImage+Extension.swift in Sources */,
				CEA09E052ADA8E900056C9F6 /* BaseViewModel.swift in Sources */,
				CEA09E0F2ADAABC40056C9F6 /* FavoriteViewModel.swift in Sources */,
				CE78CC8C2ADB28A300F2859C /* Extension+NSManagedObjectContext.swift in Sources */,
				CE4CFB902ADD11680060ABBF /* FavoriteOperationsProtocol.swift in Sources */,
				CE561B842ADAD26100F2A697 /* ImageCacheManager.swift in Sources */,
				CEA09E032ADA8E8A0056C9F6 /* BaseViewController.swift in Sources */,
				CE78CC892ADB287B00F2859C /* CoreDataManager.swift in Sources */,
				CEA09DB12AD9E9BC0056C9F6 /* AppDelegate.swift in Sources */,
				CEA09DB32AD9E9BC0056C9F6 /* SceneDelegate.swift in Sources */,
				CEA09DF42ADA7EE80056C9F6 /* AvailableBreed.swift in Sources */,
				CE78CC8E2ADB28C500F2859C /* CoreDataStack.swift in Sources */,
				CEA09E002ADA87770056C9F6 /* HomeViewModel.swift in Sources */,
				CEA09E092ADA99A80056C9F6 /* DetailsViewModel.swift in Sources */,
				CEA09E072ADA999F0056C9F6 /* DetailsViewController.swift in Sources */,
				CE78CC962ADB2DED00F2859C /* FavoriteEntity+Extension.swift in Sources */,
				CE4CFB882ADD0C9D0060ABBF /* Array+Extension.swift in Sources */,
				CEA09DEB2AD9F0B80056C9F6 /* BreedRouter.swift in Sources */,
				CEA09DEE2AD9F4320056C9F6 /* ApiBreedsList.swift in Sources */,
				CEA09DFE2ADA876F0056C9F6 /* HomeViewController.swift in Sources */,
				CE083E2E2ADAAEC00042A761 /* DogCell.swift in Sources */,
				CEA09DF02ADA7BC60056C9F6 /* ApiBreedImages.swift in Sources */,
			);
			runOnlyForDeploymentPostprocessing = 0;
		};
		CEA09DC22AD9E9BD0056C9F6 /* Sources */ = {
			isa = PBXSourcesBuildPhase;
			buildActionMask = 2147483647;
			files = (
				CE4CFB8C2ADD10910060ABBF /* MockNetworkSession.swift in Sources */,
				CE4CFB8A2ADD10710060ABBF /* NetworkClientTests.swift in Sources */,
				CE4683132ADD2AFB005781F8 /* Equatables.swift in Sources */,
				CE4CFB8E2ADD110A0060ABBF /* MockGenerator.swift in Sources */,
			);
			runOnlyForDeploymentPostprocessing = 0;
		};
/* End PBXSourcesBuildPhase section */

/* Begin PBXTargetDependency section */
		CEA09DC82AD9E9BD0056C9F6 /* PBXTargetDependency */ = {
			isa = PBXTargetDependency;
			target = CEA09DAC2AD9E9BC0056C9F6 /* dogtime */;
			targetProxy = CEA09DC72AD9E9BD0056C9F6 /* PBXContainerItemProxy */;
		};
/* End PBXTargetDependency section */

/* Begin PBXVariantGroup section */
		CEA09DBE2AD9E9BD0056C9F6 /* LaunchScreen.storyboard */ = {
			isa = PBXVariantGroup;
			children = (
				CEA09DBF2AD9E9BD0056C9F6 /* Base */,
			);
			name = LaunchScreen.storyboard;
			sourceTree = "<group>";
		};
/* End PBXVariantGroup section */

/* Begin XCBuildConfiguration section */
		CEA09DD82AD9E9BD0056C9F6 /* Debug */ = {
			isa = XCBuildConfiguration;
			buildSettings = {
				ALWAYS_SEARCH_USER_PATHS = NO;
				ASSETCATALOG_COMPILER_GENERATE_SWIFT_ASSET_SYMBOL_EXTENSIONS = YES;
				CLANG_ANALYZER_NONNULL = YES;
				CLANG_ANALYZER_NUMBER_OBJECT_CONVERSION = YES_AGGRESSIVE;
				CLANG_CXX_LANGUAGE_STANDARD = "gnu++20";
				CLANG_ENABLE_MODULES = YES;
				CLANG_ENABLE_OBJC_ARC = YES;
				CLANG_ENABLE_OBJC_WEAK = YES;
				CLANG_WARN_BLOCK_CAPTURE_AUTORELEASING = YES;
				CLANG_WARN_BOOL_CONVERSION = YES;
				CLANG_WARN_COMMA = YES;
				CLANG_WARN_CONSTANT_CONVERSION = YES;
				CLANG_WARN_DEPRECATED_OBJC_IMPLEMENTATIONS = YES;
				CLANG_WARN_DIRECT_OBJC_ISA_USAGE = YES_ERROR;
				CLANG_WARN_DOCUMENTATION_COMMENTS = YES;
				CLANG_WARN_EMPTY_BODY = YES;
				CLANG_WARN_ENUM_CONVERSION = YES;
				CLANG_WARN_INFINITE_RECURSION = YES;
				CLANG_WARN_INT_CONVERSION = YES;
				CLANG_WARN_NON_LITERAL_NULL_CONVERSION = YES;
				CLANG_WARN_OBJC_IMPLICIT_RETAIN_SELF = YES;
				CLANG_WARN_OBJC_LITERAL_CONVERSION = YES;
				CLANG_WARN_OBJC_ROOT_CLASS = YES_ERROR;
				CLANG_WARN_QUOTED_INCLUDE_IN_FRAMEWORK_HEADER = YES;
				CLANG_WARN_RANGE_LOOP_ANALYSIS = YES;
				CLANG_WARN_STRICT_PROTOTYPES = YES;
				CLANG_WARN_SUSPICIOUS_MOVE = YES;
				CLANG_WARN_UNGUARDED_AVAILABILITY = YES_AGGRESSIVE;
				CLANG_WARN_UNREACHABLE_CODE = YES;
				CLANG_WARN__DUPLICATE_METHOD_MATCH = YES;
				COPY_PHASE_STRIP = NO;
				DEBUG_INFORMATION_FORMAT = dwarf;
				ENABLE_STRICT_OBJC_MSGSEND = YES;
				ENABLE_TESTABILITY = YES;
				ENABLE_USER_SCRIPT_SANDBOXING = YES;
				GCC_C_LANGUAGE_STANDARD = gnu17;
				GCC_DYNAMIC_NO_PIC = NO;
				GCC_NO_COMMON_BLOCKS = YES;
				GCC_OPTIMIZATION_LEVEL = 0;
				GCC_PREPROCESSOR_DEFINITIONS = (
					"DEBUG=1",
					"$(inherited)",
				);
				GCC_WARN_64_TO_32_BIT_CONVERSION = YES;
				GCC_WARN_ABOUT_RETURN_TYPE = YES_ERROR;
				GCC_WARN_UNDECLARED_SELECTOR = YES;
				GCC_WARN_UNINITIALIZED_AUTOS = YES_AGGRESSIVE;
				GCC_WARN_UNUSED_FUNCTION = YES;
				GCC_WARN_UNUSED_VARIABLE = YES;
				IPHONEOS_DEPLOYMENT_TARGET = 17.0;
				LOCALIZATION_PREFERS_STRING_CATALOGS = YES;
				MTL_ENABLE_DEBUG_INFO = INCLUDE_SOURCE;
				MTL_FAST_MATH = YES;
				ONLY_ACTIVE_ARCH = YES;
				SDKROOT = iphoneos;
				SWIFT_ACTIVE_COMPILATION_CONDITIONS = "DEBUG $(inherited)";
				SWIFT_OPTIMIZATION_LEVEL = "-Onone";
			};
			name = Debug;
		};
		CEA09DD92AD9E9BD0056C9F6 /* Release */ = {
			isa = XCBuildConfiguration;
			buildSettings = {
				ALWAYS_SEARCH_USER_PATHS = NO;
				ASSETCATALOG_COMPILER_GENERATE_SWIFT_ASSET_SYMBOL_EXTENSIONS = YES;
				CLANG_ANALYZER_NONNULL = YES;
				CLANG_ANALYZER_NUMBER_OBJECT_CONVERSION = YES_AGGRESSIVE;
				CLANG_CXX_LANGUAGE_STANDARD = "gnu++20";
				CLANG_ENABLE_MODULES = YES;
				CLANG_ENABLE_OBJC_ARC = YES;
				CLANG_ENABLE_OBJC_WEAK = YES;
				CLANG_WARN_BLOCK_CAPTURE_AUTORELEASING = YES;
				CLANG_WARN_BOOL_CONVERSION = YES;
				CLANG_WARN_COMMA = YES;
				CLANG_WARN_CONSTANT_CONVERSION = YES;
				CLANG_WARN_DEPRECATED_OBJC_IMPLEMENTATIONS = YES;
				CLANG_WARN_DIRECT_OBJC_ISA_USAGE = YES_ERROR;
				CLANG_WARN_DOCUMENTATION_COMMENTS = YES;
				CLANG_WARN_EMPTY_BODY = YES;
				CLANG_WARN_ENUM_CONVERSION = YES;
				CLANG_WARN_INFINITE_RECURSION = YES;
				CLANG_WARN_INT_CONVERSION = YES;
				CLANG_WARN_NON_LITERAL_NULL_CONVERSION = YES;
				CLANG_WARN_OBJC_IMPLICIT_RETAIN_SELF = YES;
				CLANG_WARN_OBJC_LITERAL_CONVERSION = YES;
				CLANG_WARN_OBJC_ROOT_CLASS = YES_ERROR;
				CLANG_WARN_QUOTED_INCLUDE_IN_FRAMEWORK_HEADER = YES;
				CLANG_WARN_RANGE_LOOP_ANALYSIS = YES;
				CLANG_WARN_STRICT_PROTOTYPES = YES;
				CLANG_WARN_SUSPICIOUS_MOVE = YES;
				CLANG_WARN_UNGUARDED_AVAILABILITY = YES_AGGRESSIVE;
				CLANG_WARN_UNREACHABLE_CODE = YES;
				CLANG_WARN__DUPLICATE_METHOD_MATCH = YES;
				COPY_PHASE_STRIP = NO;
				DEBUG_INFORMATION_FORMAT = "dwarf-with-dsym";
				ENABLE_NS_ASSERTIONS = NO;
				ENABLE_STRICT_OBJC_MSGSEND = YES;
				ENABLE_USER_SCRIPT_SANDBOXING = YES;
				GCC_C_LANGUAGE_STANDARD = gnu17;
				GCC_NO_COMMON_BLOCKS = YES;
				GCC_WARN_64_TO_32_BIT_CONVERSION = YES;
				GCC_WARN_ABOUT_RETURN_TYPE = YES_ERROR;
				GCC_WARN_UNDECLARED_SELECTOR = YES;
				GCC_WARN_UNINITIALIZED_AUTOS = YES_AGGRESSIVE;
				GCC_WARN_UNUSED_FUNCTION = YES;
				GCC_WARN_UNUSED_VARIABLE = YES;
				IPHONEOS_DEPLOYMENT_TARGET = 17.0;
				LOCALIZATION_PREFERS_STRING_CATALOGS = YES;
				MTL_ENABLE_DEBUG_INFO = NO;
				MTL_FAST_MATH = YES;
				SDKROOT = iphoneos;
				SWIFT_COMPILATION_MODE = wholemodule;
				VALIDATE_PRODUCT = YES;
			};
			name = Release;
		};
		CEA09DDB2AD9E9BD0056C9F6 /* Debug */ = {
			isa = XCBuildConfiguration;
			buildSettings = {
				ASSETCATALOG_COMPILER_APPICON_NAME = AppIcon;
				ASSETCATALOG_COMPILER_GLOBAL_ACCENT_COLOR_NAME = AccentColor;
				CODE_SIGN_STYLE = Automatic;
				CURRENT_PROJECT_VERSION = 1;
				DEVELOPMENT_TEAM = 8QYX9VGMBQ;
				GENERATE_INFOPLIST_FILE = YES;
				INFOPLIST_FILE = dogtime/Info.plist;
				INFOPLIST_KEY_UIApplicationSupportsIndirectInputEvents = YES;
				INFOPLIST_KEY_UILaunchStoryboardName = LaunchScreen;
				INFOPLIST_KEY_UISupportedInterfaceOrientations_iPad = "UIInterfaceOrientationPortrait UIInterfaceOrientationPortraitUpsideDown UIInterfaceOrientationLandscapeLeft UIInterfaceOrientationLandscapeRight";
				INFOPLIST_KEY_UISupportedInterfaceOrientations_iPhone = "UIInterfaceOrientationPortrait UIInterfaceOrientationLandscapeLeft UIInterfaceOrientationLandscapeRight";
				LD_RUNPATH_SEARCH_PATHS = (
					"$(inherited)",
					"@executable_path/Frameworks",
				);
				MARKETING_VERSION = 1.0;
				PRODUCT_BUNDLE_IDENTIFIER = com.dogtime.dogtime;
				PRODUCT_NAME = "$(TARGET_NAME)";
				SWIFT_EMIT_LOC_STRINGS = YES;
				SWIFT_VERSION = 5.0;
				TARGETED_DEVICE_FAMILY = "1,2";
			};
			name = Debug;
		};
		CEA09DDC2AD9E9BD0056C9F6 /* Release */ = {
			isa = XCBuildConfiguration;
			buildSettings = {
				ASSETCATALOG_COMPILER_APPICON_NAME = AppIcon;
				ASSETCATALOG_COMPILER_GLOBAL_ACCENT_COLOR_NAME = AccentColor;
				CODE_SIGN_STYLE = Automatic;
				CURRENT_PROJECT_VERSION = 1;
				DEVELOPMENT_TEAM = 8QYX9VGMBQ;
				GENERATE_INFOPLIST_FILE = YES;
				INFOPLIST_FILE = dogtime/Info.plist;
				INFOPLIST_KEY_UIApplicationSupportsIndirectInputEvents = YES;
				INFOPLIST_KEY_UILaunchStoryboardName = LaunchScreen;
				INFOPLIST_KEY_UISupportedInterfaceOrientations_iPad = "UIInterfaceOrientationPortrait UIInterfaceOrientationPortraitUpsideDown UIInterfaceOrientationLandscapeLeft UIInterfaceOrientationLandscapeRight";
				INFOPLIST_KEY_UISupportedInterfaceOrientations_iPhone = "UIInterfaceOrientationPortrait UIInterfaceOrientationLandscapeLeft UIInterfaceOrientationLandscapeRight";
				LD_RUNPATH_SEARCH_PATHS = (
					"$(inherited)",
					"@executable_path/Frameworks",
				);
				MARKETING_VERSION = 1.0;
				PRODUCT_BUNDLE_IDENTIFIER = com.dogtime.dogtime;
				PRODUCT_NAME = "$(TARGET_NAME)";
				SWIFT_EMIT_LOC_STRINGS = YES;
				SWIFT_VERSION = 5.0;
				TARGETED_DEVICE_FAMILY = "1,2";
			};
			name = Release;
		};
		CEA09DDE2AD9E9BD0056C9F6 /* Debug */ = {
			isa = XCBuildConfiguration;
			buildSettings = {
				ALWAYS_EMBED_SWIFT_STANDARD_LIBRARIES = YES;
				BUNDLE_LOADER = "$(TEST_HOST)";
				CODE_SIGN_STYLE = Automatic;
				CURRENT_PROJECT_VERSION = 1;
				DEVELOPMENT_TEAM = 8QYX9VGMBQ;
				GENERATE_INFOPLIST_FILE = YES;
				IPHONEOS_DEPLOYMENT_TARGET = 17.0;
				MARKETING_VERSION = 1.0;
				PRODUCT_BUNDLE_IDENTIFIER = com.dogtime.dogtimeTests;
				PRODUCT_NAME = "$(TARGET_NAME)";
				SWIFT_EMIT_LOC_STRINGS = NO;
				SWIFT_VERSION = 5.0;
				TARGETED_DEVICE_FAMILY = "1,2";
				TEST_HOST = "$(BUILT_PRODUCTS_DIR)/dogtime.app/$(BUNDLE_EXECUTABLE_FOLDER_PATH)/dogtime";
			};
			name = Debug;
		};
		CEA09DDF2AD9E9BD0056C9F6 /* Release */ = {
			isa = XCBuildConfiguration;
			buildSettings = {
				ALWAYS_EMBED_SWIFT_STANDARD_LIBRARIES = YES;
				BUNDLE_LOADER = "$(TEST_HOST)";
				CODE_SIGN_STYLE = Automatic;
				CURRENT_PROJECT_VERSION = 1;
				DEVELOPMENT_TEAM = 8QYX9VGMBQ;
				GENERATE_INFOPLIST_FILE = YES;
				IPHONEOS_DEPLOYMENT_TARGET = 17.0;
				MARKETING_VERSION = 1.0;
				PRODUCT_BUNDLE_IDENTIFIER = com.dogtime.dogtimeTests;
				PRODUCT_NAME = "$(TARGET_NAME)";
				SWIFT_EMIT_LOC_STRINGS = NO;
				SWIFT_VERSION = 5.0;
				TARGETED_DEVICE_FAMILY = "1,2";
				TEST_HOST = "$(BUILT_PRODUCTS_DIR)/dogtime.app/$(BUNDLE_EXECUTABLE_FOLDER_PATH)/dogtime";
			};
			name = Release;
		};
/* End XCBuildConfiguration section */

/* Begin XCConfigurationList section */
		CEA09DA82AD9E9BC0056C9F6 /* Build configuration list for PBXProject "dogtime" */ = {
			isa = XCConfigurationList;
			buildConfigurations = (
				CEA09DD82AD9E9BD0056C9F6 /* Debug */,
				CEA09DD92AD9E9BD0056C9F6 /* Release */,
			);
			defaultConfigurationIsVisible = 0;
			defaultConfigurationName = Release;
		};
		CEA09DDA2AD9E9BD0056C9F6 /* Build configuration list for PBXNativeTarget "dogtime" */ = {
			isa = XCConfigurationList;
			buildConfigurations = (
				CEA09DDB2AD9E9BD0056C9F6 /* Debug */,
				CEA09DDC2AD9E9BD0056C9F6 /* Release */,
			);
			defaultConfigurationIsVisible = 0;
			defaultConfigurationName = Release;
		};
		CEA09DDD2AD9E9BD0056C9F6 /* Build configuration list for PBXNativeTarget "dogtimeTests" */ = {
			isa = XCConfigurationList;
			buildConfigurations = (
				CEA09DDE2AD9E9BD0056C9F6 /* Debug */,
				CEA09DDF2AD9E9BD0056C9F6 /* Release */,
			);
			defaultConfigurationIsVisible = 0;
			defaultConfigurationName = Release;
		};
/* End XCConfigurationList section */

/* Begin XCVersionGroup section */
		CE78CC8F2ADB29FF00F2859C /* BreedModel.xcdatamodeld */ = {
			isa = XCVersionGroup;
			children = (
				CE78CC902ADB29FF00F2859C /* BreedModel.xcdatamodel */,
			);
			currentVersion = CE78CC902ADB29FF00F2859C /* BreedModel.xcdatamodel */;
			path = BreedModel.xcdatamodeld;
			sourceTree = "<group>";
			versionGroupType = wrapper.xcdatamodel;
		};
/* End XCVersionGroup section */
	};
	rootObject = CEA09DA52AD9E9BC0056C9F6 /* Project object */;
}
